// !$*UTF8*$!
{
	archiveVersion = 1;
	classes = {
	};
	objectVersion = 55;
	objects = {

/* Begin PBXBuildFile section */
		0C01188E1E4103C1C5390B55 /* Pods_WaterBucketChallenge.framework in Frameworks */ = {isa = PBXBuildFile; fileRef = 95983E0A94F9CB143549DFF2 /* Pods_WaterBucketChallenge.framework */; };
		25392F40B13DF00B11F51013 /* Pods_WaterBucketChallengeTests.framework in Frameworks */ = {isa = PBXBuildFile; fileRef = 4AA5FFD717B62FB52518BED4 /* Pods_WaterBucketChallengeTests.framework */; };
		FF26FDFB27D2B76E000D94EC /* Localizable.strings in Resources */ = {isa = PBXBuildFile; fileRef = FF26FDF927D2B76E000D94EC /* Localizable.strings */; };
		FF26FDFD27D2B960000D94EC /* Strings+Generated.swift in Sources */ = {isa = PBXBuildFile; fileRef = FF26FDFC27D2B960000D94EC /* Strings+Generated.swift */; };
		FF47080127D13E3900CACA9F /* InputsInteractor.swift in Sources */ = {isa = PBXBuildFile; fileRef = FF47080027D13E3900CACA9F /* InputsInteractor.swift */; };
		FF47080327D13E3F00CACA9F /* InputsPresenter.swift in Sources */ = {isa = PBXBuildFile; fileRef = FF47080227D13E3F00CACA9F /* InputsPresenter.swift */; };
		FF47080527D1404E00CACA9F /* InputsDataFlow.swift in Sources */ = {isa = PBXBuildFile; fileRef = FF47080427D1404E00CACA9F /* InputsDataFlow.swift */; };
		FF47080727D143A400CACA9F /* InputsFactory.swift in Sources */ = {isa = PBXBuildFile; fileRef = FF47080627D143A400CACA9F /* InputsFactory.swift */; };
		FF47080A27D143B300CACA9F /* ViewControllerFactory.swift in Sources */ = {isa = PBXBuildFile; fileRef = FF47080927D143B300CACA9F /* ViewControllerFactory.swift */; };
		FF47080D27D14EB600CACA9F /* Inputs.swift in Sources */ = {isa = PBXBuildFile; fileRef = FF47080C27D14EB600CACA9F /* Inputs.swift */; };
		FF47080F27D160E400CACA9F /* WaterBucketChallengeSolver.swift in Sources */ = {isa = PBXBuildFile; fileRef = FF47080E27D160E400CACA9F /* WaterBucketChallengeSolver.swift */; };
		FF47081127D161D500CACA9F /* Bucket.swift in Sources */ = {isa = PBXBuildFile; fileRef = FF47081027D161D500CACA9F /* Bucket.swift */; };
		FF4B00AF27D116B900C58220 /* AppDelegate.swift in Sources */ = {isa = PBXBuildFile; fileRef = FF4B00AE27D116B900C58220 /* AppDelegate.swift */; };
		FF4B00B127D116B900C58220 /* SceneDelegate.swift in Sources */ = {isa = PBXBuildFile; fileRef = FF4B00B027D116B900C58220 /* SceneDelegate.swift */; };
		FF4B00B827D116BA00C58220 /* Assets.xcassets in Resources */ = {isa = PBXBuildFile; fileRef = FF4B00B727D116BA00C58220 /* Assets.xcassets */; };
		FF4B00BB27D116BA00C58220 /* LaunchScreen.storyboard in Resources */ = {isa = PBXBuildFile; fileRef = FF4B00B927D116BA00C58220 /* LaunchScreen.storyboard */; };
		FF4B00C627D116F200C58220 /* InputsViewController.swift in Sources */ = {isa = PBXBuildFile; fileRef = FF4B00C527D116F200C58220 /* InputsViewController.swift */; };
		FF6ED04B27D7DD6C00217D53 /* SolutionViewController.swift in Sources */ = {isa = PBXBuildFile; fileRef = FF6ED04A27D7DD6C00217D53 /* SolutionViewController.swift */; };
		FF6ED04D27D7DD7700217D53 /* SolutionInteractor.swift in Sources */ = {isa = PBXBuildFile; fileRef = FF6ED04C27D7DD7700217D53 /* SolutionInteractor.swift */; };
		FF6ED04F27D7DD8600217D53 /* SolutionPresenter.swift in Sources */ = {isa = PBXBuildFile; fileRef = FF6ED04E27D7DD8600217D53 /* SolutionPresenter.swift */; };
		FF6ED05127D7DD8F00217D53 /* SolutionFactory.swift in Sources */ = {isa = PBXBuildFile; fileRef = FF6ED05027D7DD8F00217D53 /* SolutionFactory.swift */; };
		FF6ED05327D7DD9C00217D53 /* SolutionDataFlow.swift in Sources */ = {isa = PBXBuildFile; fileRef = FF6ED05227D7DD9C00217D53 /* SolutionDataFlow.swift */; };
		FF6ED05527D7DDA500217D53 /* SolutionRouter.swift in Sources */ = {isa = PBXBuildFile; fileRef = FF6ED05427D7DDA500217D53 /* SolutionRouter.swift */; };
		FFBA130A27D7EAB900BE0006 /* AnimatedSolutionViewController.swift in Sources */ = {isa = PBXBuildFile; fileRef = FFBA130927D7EAB900BE0006 /* AnimatedSolutionViewController.swift */; };
		FFBA130C27D7EAC100BE0006 /* AnimatedSolutionInteractor.swift in Sources */ = {isa = PBXBuildFile; fileRef = FFBA130B27D7EAC100BE0006 /* AnimatedSolutionInteractor.swift */; };
		FFBA130E27D7EACA00BE0006 /* AnimatedSolutionPresenter.swift in Sources */ = {isa = PBXBuildFile; fileRef = FFBA130D27D7EACA00BE0006 /* AnimatedSolutionPresenter.swift */; };
		FFBA131027D7EAD000BE0006 /* AnimatedSolutionDataFlow.swift in Sources */ = {isa = PBXBuildFile; fileRef = FFBA130F27D7EAD000BE0006 /* AnimatedSolutionDataFlow.swift */; };
		FFBA131227D7EAD700BE0006 /* AnimatedSolutionFactory.swift in Sources */ = {isa = PBXBuildFile; fileRef = FFBA131127D7EAD700BE0006 /* AnimatedSolutionFactory.swift */; };
		FFBA131527D7EF8A00BE0006 /* UIViewController+Extensions.swift in Sources */ = {isa = PBXBuildFile; fileRef = FFBA131427D7EF8A00BE0006 /* UIViewController+Extensions.swift */; };
		FFC3BA9F27D217A4002B563C /* WaterBucketChallengeSolverTests.swift in Sources */ = {isa = PBXBuildFile; fileRef = FFC3BA9E27D217A4002B563C /* WaterBucketChallengeSolverTests.swift */; };
		FFC3BAA327D22111002B563C /* TableSolutionViewController.swift in Sources */ = {isa = PBXBuildFile; fileRef = FFC3BAA227D22111002B563C /* TableSolutionViewController.swift */; };
		FFC3BAA527D22118002B563C /* TableSolutionInteractor.swift in Sources */ = {isa = PBXBuildFile; fileRef = FFC3BAA427D22118002B563C /* TableSolutionInteractor.swift */; };
		FFC3BAA727D2211E002B563C /* TableSolutionPresenter.swift in Sources */ = {isa = PBXBuildFile; fileRef = FFC3BAA627D2211E002B563C /* TableSolutionPresenter.swift */; };
		FFC3BAA927D22125002B563C /* TableSolutionDataFlow.swift in Sources */ = {isa = PBXBuildFile; fileRef = FFC3BAA827D22125002B563C /* TableSolutionDataFlow.swift */; };
		FFC3BAAB27D2212E002B563C /* TableSolutionFactory.swift in Sources */ = {isa = PBXBuildFile; fileRef = FFC3BAAA27D2212E002B563C /* TableSolutionFactory.swift */; };
		FFC3BAAD27D22319002B563C /* InputsRouter.swift in Sources */ = {isa = PBXBuildFile; fileRef = FFC3BAAC27D22319002B563C /* InputsRouter.swift */; };
		FFC3BAAF27D22C04002B563C /* RootFactory.swift in Sources */ = {isa = PBXBuildFile; fileRef = FFC3BAAE27D22C04002B563C /* RootFactory.swift */; };
		FFC3BD2227D262C6002B563C /* TableSolutionItemCell.swift in Sources */ = {isa = PBXBuildFile; fileRef = FFC3BD2127D262C5002B563C /* TableSolutionItemCell.swift */; };
/* End PBXBuildFile section */

/* Begin PBXContainerItemProxy section */
		FF47081A27D215F700CACA9F /* PBXContainerItemProxy */ = {
			isa = PBXContainerItemProxy;
			containerPortal = FF4B00A327D116B900C58220 /* Project object */;
			proxyType = 1;
			remoteGlobalIDString = FF4B00AA27D116B900C58220;
			remoteInfo = WaterBucketChallenge;
		};
/* End PBXContainerItemProxy section */

/* Begin PBXFileReference section */
		4AA5FFD717B62FB52518BED4 /* Pods_WaterBucketChallengeTests.framework */ = {isa = PBXFileReference; explicitFileType = wrapper.framework; includeInIndex = 0; path = Pods_WaterBucketChallengeTests.framework; sourceTree = BUILT_PRODUCTS_DIR; };
		56F03E8AF8208DE5B3089EBE /* Pods-WaterBucketChallenge.release.xcconfig */ = {isa = PBXFileReference; includeInIndex = 1; lastKnownFileType = text.xcconfig; name = "Pods-WaterBucketChallenge.release.xcconfig"; path = "Target Support Files/Pods-WaterBucketChallenge/Pods-WaterBucketChallenge.release.xcconfig"; sourceTree = "<group>"; };
		5C38180CE3510A01F1ED7244 /* Pods-WaterBucketChallengeTests.debug.xcconfig */ = {isa = PBXFileReference; includeInIndex = 1; lastKnownFileType = text.xcconfig; name = "Pods-WaterBucketChallengeTests.debug.xcconfig"; path = "Target Support Files/Pods-WaterBucketChallengeTests/Pods-WaterBucketChallengeTests.debug.xcconfig"; sourceTree = "<group>"; };
		95983E0A94F9CB143549DFF2 /* Pods_WaterBucketChallenge.framework */ = {isa = PBXFileReference; explicitFileType = wrapper.framework; includeInIndex = 0; path = Pods_WaterBucketChallenge.framework; sourceTree = BUILT_PRODUCTS_DIR; };
		C6A6DF38FB82FF86052B3295 /* Pods-WaterBucketChallengeTests.release.xcconfig */ = {isa = PBXFileReference; includeInIndex = 1; lastKnownFileType = text.xcconfig; name = "Pods-WaterBucketChallengeTests.release.xcconfig"; path = "Target Support Files/Pods-WaterBucketChallengeTests/Pods-WaterBucketChallengeTests.release.xcconfig"; sourceTree = "<group>"; };
		FAF2510D467C27D24911D441 /* Pods-WaterBucketChallenge.debug.xcconfig */ = {isa = PBXFileReference; includeInIndex = 1; lastKnownFileType = text.xcconfig; name = "Pods-WaterBucketChallenge.debug.xcconfig"; path = "Target Support Files/Pods-WaterBucketChallenge/Pods-WaterBucketChallenge.debug.xcconfig"; sourceTree = "<group>"; };
		FF26FDFA27D2B76E000D94EC /* Base */ = {isa = PBXFileReference; lastKnownFileType = text.plist.strings; name = Base; path = Base.lproj/Localizable.strings; sourceTree = "<group>"; };
		FF26FDFC27D2B960000D94EC /* Strings+Generated.swift */ = {isa = PBXFileReference; fileEncoding = 4; lastKnownFileType = sourcecode.swift; path = "Strings+Generated.swift"; sourceTree = "<group>"; };
		FF47080027D13E3900CACA9F /* InputsInteractor.swift */ = {isa = PBXFileReference; lastKnownFileType = sourcecode.swift; path = InputsInteractor.swift; sourceTree = "<group>"; };
		FF47080227D13E3F00CACA9F /* InputsPresenter.swift */ = {isa = PBXFileReference; lastKnownFileType = sourcecode.swift; path = InputsPresenter.swift; sourceTree = "<group>"; };
		FF47080427D1404E00CACA9F /* InputsDataFlow.swift */ = {isa = PBXFileReference; lastKnownFileType = sourcecode.swift; path = InputsDataFlow.swift; sourceTree = "<group>"; };
		FF47080627D143A400CACA9F /* InputsFactory.swift */ = {isa = PBXFileReference; lastKnownFileType = sourcecode.swift; path = InputsFactory.swift; sourceTree = "<group>"; };
		FF47080927D143B300CACA9F /* ViewControllerFactory.swift */ = {isa = PBXFileReference; lastKnownFileType = sourcecode.swift; path = ViewControllerFactory.swift; sourceTree = "<group>"; };
		FF47080C27D14EB600CACA9F /* Inputs.swift */ = {isa = PBXFileReference; lastKnownFileType = sourcecode.swift; path = Inputs.swift; sourceTree = "<group>"; };
		FF47080E27D160E400CACA9F /* WaterBucketChallengeSolver.swift */ = {isa = PBXFileReference; lastKnownFileType = sourcecode.swift; path = WaterBucketChallengeSolver.swift; sourceTree = "<group>"; };
		FF47081027D161D500CACA9F /* Bucket.swift */ = {isa = PBXFileReference; lastKnownFileType = sourcecode.swift; path = Bucket.swift; sourceTree = "<group>"; };
		FF47081627D215F700CACA9F /* WaterBucketChallengeTests.xctest */ = {isa = PBXFileReference; explicitFileType = wrapper.cfbundle; includeInIndex = 0; path = WaterBucketChallengeTests.xctest; sourceTree = BUILT_PRODUCTS_DIR; };
		FF4B00AB27D116B900C58220 /* WaterBucketChallenge.app */ = {isa = PBXFileReference; explicitFileType = wrapper.application; includeInIndex = 0; path = WaterBucketChallenge.app; sourceTree = BUILT_PRODUCTS_DIR; };
		FF4B00AE27D116B900C58220 /* AppDelegate.swift */ = {isa = PBXFileReference; lastKnownFileType = sourcecode.swift; path = AppDelegate.swift; sourceTree = "<group>"; };
		FF4B00B027D116B900C58220 /* SceneDelegate.swift */ = {isa = PBXFileReference; lastKnownFileType = sourcecode.swift; path = SceneDelegate.swift; sourceTree = "<group>"; };
		FF4B00B727D116BA00C58220 /* Assets.xcassets */ = {isa = PBXFileReference; lastKnownFileType = folder.assetcatalog; path = Assets.xcassets; sourceTree = "<group>"; };
		FF4B00BA27D116BA00C58220 /* Base */ = {isa = PBXFileReference; lastKnownFileType = file.storyboard; name = Base; path = Base.lproj/LaunchScreen.storyboard; sourceTree = "<group>"; };
		FF4B00BC27D116BA00C58220 /* Info.plist */ = {isa = PBXFileReference; lastKnownFileType = text.plist.xml; path = Info.plist; sourceTree = "<group>"; };
		FF4B00C527D116F200C58220 /* InputsViewController.swift */ = {isa = PBXFileReference; lastKnownFileType = sourcecode.swift; path = InputsViewController.swift; sourceTree = "<group>"; };
		FF6ED04A27D7DD6C00217D53 /* SolutionViewController.swift */ = {isa = PBXFileReference; lastKnownFileType = sourcecode.swift; path = SolutionViewController.swift; sourceTree = "<group>"; };
		FF6ED04C27D7DD7700217D53 /* SolutionInteractor.swift */ = {isa = PBXFileReference; lastKnownFileType = sourcecode.swift; path = SolutionInteractor.swift; sourceTree = "<group>"; };
		FF6ED04E27D7DD8600217D53 /* SolutionPresenter.swift */ = {isa = PBXFileReference; lastKnownFileType = sourcecode.swift; path = SolutionPresenter.swift; sourceTree = "<group>"; };
		FF6ED05027D7DD8F00217D53 /* SolutionFactory.swift */ = {isa = PBXFileReference; lastKnownFileType = sourcecode.swift; path = SolutionFactory.swift; sourceTree = "<group>"; };
		FF6ED05227D7DD9C00217D53 /* SolutionDataFlow.swift */ = {isa = PBXFileReference; lastKnownFileType = sourcecode.swift; path = SolutionDataFlow.swift; sourceTree = "<group>"; };
		FF6ED05427D7DDA500217D53 /* SolutionRouter.swift */ = {isa = PBXFileReference; lastKnownFileType = sourcecode.swift; path = SolutionRouter.swift; sourceTree = "<group>"; };
		FFBA130927D7EAB900BE0006 /* AnimatedSolutionViewController.swift */ = {isa = PBXFileReference; lastKnownFileType = sourcecode.swift; path = AnimatedSolutionViewController.swift; sourceTree = "<group>"; };
		FFBA130B27D7EAC100BE0006 /* AnimatedSolutionInteractor.swift */ = {isa = PBXFileReference; lastKnownFileType = sourcecode.swift; path = AnimatedSolutionInteractor.swift; sourceTree = "<group>"; };
		FFBA130D27D7EACA00BE0006 /* AnimatedSolutionPresenter.swift */ = {isa = PBXFileReference; lastKnownFileType = sourcecode.swift; path = AnimatedSolutionPresenter.swift; sourceTree = "<group>"; };
		FFBA130F27D7EAD000BE0006 /* AnimatedSolutionDataFlow.swift */ = {isa = PBXFileReference; lastKnownFileType = sourcecode.swift; path = AnimatedSolutionDataFlow.swift; sourceTree = "<group>"; };
		FFBA131127D7EAD700BE0006 /* AnimatedSolutionFactory.swift */ = {isa = PBXFileReference; lastKnownFileType = sourcecode.swift; path = AnimatedSolutionFactory.swift; sourceTree = "<group>"; };
		FFBA131427D7EF8A00BE0006 /* UIViewController+Extensions.swift */ = {isa = PBXFileReference; lastKnownFileType = sourcecode.swift; path = "UIViewController+Extensions.swift"; sourceTree = "<group>"; };
		FFC3BA9E27D217A4002B563C /* WaterBucketChallengeSolverTests.swift */ = {isa = PBXFileReference; lastKnownFileType = sourcecode.swift; path = WaterBucketChallengeSolverTests.swift; sourceTree = "<group>"; };
		FFC3BAA227D22111002B563C /* TableSolutionViewController.swift */ = {isa = PBXFileReference; lastKnownFileType = sourcecode.swift; path = TableSolutionViewController.swift; sourceTree = "<group>"; };
		FFC3BAA427D22118002B563C /* TableSolutionInteractor.swift */ = {isa = PBXFileReference; lastKnownFileType = sourcecode.swift; path = TableSolutionInteractor.swift; sourceTree = "<group>"; };
		FFC3BAA627D2211E002B563C /* TableSolutionPresenter.swift */ = {isa = PBXFileReference; lastKnownFileType = sourcecode.swift; path = TableSolutionPresenter.swift; sourceTree = "<group>"; };
		FFC3BAA827D22125002B563C /* TableSolutionDataFlow.swift */ = {isa = PBXFileReference; lastKnownFileType = sourcecode.swift; path = TableSolutionDataFlow.swift; sourceTree = "<group>"; };
		FFC3BAAA27D2212E002B563C /* TableSolutionFactory.swift */ = {isa = PBXFileReference; lastKnownFileType = sourcecode.swift; path = TableSolutionFactory.swift; sourceTree = "<group>"; };
		FFC3BAAC27D22319002B563C /* InputsRouter.swift */ = {isa = PBXFileReference; lastKnownFileType = sourcecode.swift; path = InputsRouter.swift; sourceTree = "<group>"; };
		FFC3BAAE27D22C04002B563C /* RootFactory.swift */ = {isa = PBXFileReference; lastKnownFileType = sourcecode.swift; path = RootFactory.swift; sourceTree = "<group>"; };
		FFC3BD2127D262C5002B563C /* TableSolutionItemCell.swift */ = {isa = PBXFileReference; lastKnownFileType = sourcecode.swift; path = TableSolutionItemCell.swift; sourceTree = "<group>"; };
/* End PBXFileReference section */

/* Begin PBXFrameworksBuildPhase section */
		FF47081327D215F700CACA9F /* Frameworks */ = {
			isa = PBXFrameworksBuildPhase;
			buildActionMask = 2147483647;
			files = (
				25392F40B13DF00B11F51013 /* Pods_WaterBucketChallengeTests.framework in Frameworks */,
			);
			runOnlyForDeploymentPostprocessing = 0;
		};
		FF4B00A827D116B900C58220 /* Frameworks */ = {
			isa = PBXFrameworksBuildPhase;
			buildActionMask = 2147483647;
			files = (
				0C01188E1E4103C1C5390B55 /* Pods_WaterBucketChallenge.framework in Frameworks */,
			);
			runOnlyForDeploymentPostprocessing = 0;
		};
/* End PBXFrameworksBuildPhase section */

/* Begin PBXGroup section */
		8E444C6B10DE856C6266AE88 /* Frameworks */ = {
			isa = PBXGroup;
			children = (
				95983E0A94F9CB143549DFF2 /* Pods_WaterBucketChallenge.framework */,
				4AA5FFD717B62FB52518BED4 /* Pods_WaterBucketChallengeTests.framework */,
			);
			name = Frameworks;
			sourceTree = "<group>";
		};
		A56A1CC7D9D254318E6589D5 /* Pods */ = {
			isa = PBXGroup;
			children = (
				FAF2510D467C27D24911D441 /* Pods-WaterBucketChallenge.debug.xcconfig */,
				56F03E8AF8208DE5B3089EBE /* Pods-WaterBucketChallenge.release.xcconfig */,
				5C38180CE3510A01F1ED7244 /* Pods-WaterBucketChallengeTests.debug.xcconfig */,
				C6A6DF38FB82FF86052B3295 /* Pods-WaterBucketChallengeTests.release.xcconfig */,
			);
			path = Pods;
			sourceTree = "<group>";
		};
		FF47080827D143AC00CACA9F /* Core */ = {
			isa = PBXGroup;
			children = (
				FF47080927D143B300CACA9F /* ViewControllerFactory.swift */,
			);
			path = Core;
			sourceTree = "<group>";
		};
		FF47081727D215F700CACA9F /* WaterBucketChallengeTests */ = {
			isa = PBXGroup;
			children = (
				FFC3BA9E27D217A4002B563C /* WaterBucketChallengeSolverTests.swift */,
			);
			path = WaterBucketChallengeTests;
			sourceTree = "<group>";
		};
		FF4B00A227D116B900C58220 = {
			isa = PBXGroup;
			children = (
				FF4B00AD27D116B900C58220 /* WaterBucketChallenge */,
				FF47081727D215F700CACA9F /* WaterBucketChallengeTests */,
				FF4B00AC27D116B900C58220 /* Products */,
				A56A1CC7D9D254318E6589D5 /* Pods */,
				8E444C6B10DE856C6266AE88 /* Frameworks */,
			);
			sourceTree = "<group>";
		};
		FF4B00AC27D116B900C58220 /* Products */ = {
			isa = PBXGroup;
			children = (
				FF4B00AB27D116B900C58220 /* WaterBucketChallenge.app */,
				FF47081627D215F700CACA9F /* WaterBucketChallengeTests.xctest */,
			);
			name = Products;
			sourceTree = "<group>";
		};
		FF4B00AD27D116B900C58220 /* WaterBucketChallenge */ = {
			isa = PBXGroup;
			children = (
				FFBA131327D7EF7B00BE0006 /* Common */,
				FF7C62C627D2B628004E13BA /* Resources */,
				FF4B00C727D119A300C58220 /* App */,
				FFC3BD2427D29058002B563C /* Workers */,
				FFC3BD2327D29040002B563C /* Models */,
				FF47080827D143AC00CACA9F /* Core */,
				FF4B00C227D116D200C58220 /* Screens */,
			);
			path = WaterBucketChallenge;
			sourceTree = "<group>";
		};
		FF4B00C227D116D200C58220 /* Screens */ = {
			isa = PBXGroup;
			children = (
				FF4B00C327D116DE00C58220 /* Inputs */,
				FF4B00C427D116E600C58220 /* Solution */,
			);
			path = Screens;
			sourceTree = "<group>";
		};
		FF4B00C327D116DE00C58220 /* Inputs */ = {
			isa = PBXGroup;
			children = (
				FF4B00C527D116F200C58220 /* InputsViewController.swift */,
				FF47080027D13E3900CACA9F /* InputsInteractor.swift */,
				FF47080227D13E3F00CACA9F /* InputsPresenter.swift */,
				FF47080427D1404E00CACA9F /* InputsDataFlow.swift */,
				FF47080627D143A400CACA9F /* InputsFactory.swift */,
				FFC3BAAC27D22319002B563C /* InputsRouter.swift */,
			);
			path = Inputs;
			sourceTree = "<group>";
		};
		FF4B00C427D116E600C58220 /* Solution */ = {
			isa = PBXGroup;
			children = (
				FF6ED03F27D7D9DB00217D53 /* Animated */,
				FF6ED03E27D7D9CF00217D53 /* Table */,
				FF6ED04A27D7DD6C00217D53 /* SolutionViewController.swift */,
				FF6ED04C27D7DD7700217D53 /* SolutionInteractor.swift */,
				FF6ED04E27D7DD8600217D53 /* SolutionPresenter.swift */,
				FF6ED05027D7DD8F00217D53 /* SolutionFactory.swift */,
				FF6ED05227D7DD9C00217D53 /* SolutionDataFlow.swift */,
				FF6ED05427D7DDA500217D53 /* SolutionRouter.swift */,
			);
			path = Solution;
			sourceTree = "<group>";
		};
		FF4B00C727D119A300C58220 /* App */ = {
			isa = PBXGroup;
			children = (
				FF4B00B027D116B900C58220 /* SceneDelegate.swift */,
				FF4B00AE27D116B900C58220 /* AppDelegate.swift */,
				FFC3BAAE27D22C04002B563C /* RootFactory.swift */,
			);
			path = App;
			sourceTree = "<group>";
		};
		FF6ED03E27D7D9CF00217D53 /* Table */ = {
			isa = PBXGroup;
			children = (
				FFC3BAA227D22111002B563C /* TableSolutionViewController.swift */,
				FFC3BAA427D22118002B563C /* TableSolutionInteractor.swift */,
				FFC3BAA627D2211E002B563C /* TableSolutionPresenter.swift */,
				FFC3BAA827D22125002B563C /* TableSolutionDataFlow.swift */,
				FFC3BAAA27D2212E002B563C /* TableSolutionFactory.swift */,
				FFC3BD2127D262C5002B563C /* TableSolutionItemCell.swift */,
			);
			path = Table;
			sourceTree = "<group>";
		};
		FF6ED03F27D7D9DB00217D53 /* Animated */ = {
			isa = PBXGroup;
			children = (
				FFBA130927D7EAB900BE0006 /* AnimatedSolutionViewController.swift */,
				FFBA130B27D7EAC100BE0006 /* AnimatedSolutionInteractor.swift */,
				FFBA130D27D7EACA00BE0006 /* AnimatedSolutionPresenter.swift */,
				FFBA130F27D7EAD000BE0006 /* AnimatedSolutionDataFlow.swift */,
				FFBA131127D7EAD700BE0006 /* AnimatedSolutionFactory.swift */,
			);
			path = Animated;
			sourceTree = "<group>";
		};
		FF7C62C627D2B628004E13BA /* Resources */ = {
			isa = PBXGroup;
			children = (
				FF26FDFC27D2B960000D94EC /* Strings+Generated.swift */,
				FF26FDF927D2B76E000D94EC /* Localizable.strings */,
				FF4B00BC27D116BA00C58220 /* Info.plist */,
				FF4B00B927D116BA00C58220 /* LaunchScreen.storyboard */,
				FF4B00B727D116BA00C58220 /* Assets.xcassets */,
			);
			path = Resources;
			sourceTree = "<group>";
		};
		FFBA131327D7EF7B00BE0006 /* Common */ = {
			isa = PBXGroup;
			children = (
				FFBA131427D7EF8A00BE0006 /* UIViewController+Extensions.swift */,
			);
			path = Common;
			sourceTree = "<group>";
		};
		FFC3BD2327D29040002B563C /* Models */ = {
			isa = PBXGroup;
			children = (
				FF47081027D161D500CACA9F /* Bucket.swift */,
				FF47080C27D14EB600CACA9F /* Inputs.swift */,
			);
			path = Models;
			sourceTree = "<group>";
		};
		FFC3BD2427D29058002B563C /* Workers */ = {
			isa = PBXGroup;
			children = (
				FF47080E27D160E400CACA9F /* WaterBucketChallengeSolver.swift */,
			);
			path = Workers;
			sourceTree = "<group>";
		};
/* End PBXGroup section */

/* Begin PBXNativeTarget section */
		FF47081527D215F700CACA9F /* WaterBucketChallengeTests */ = {
			isa = PBXNativeTarget;
			buildConfigurationList = FF47081C27D215F700CACA9F /* Build configuration list for PBXNativeTarget "WaterBucketChallengeTests" */;
			buildPhases = (
				A1CDEF6D46AC339DDA38ADD8 /* [CP] Check Pods Manifest.lock */,
				FF47081227D215F700CACA9F /* Sources */,
				FF47081327D215F700CACA9F /* Frameworks */,
				FF47081427D215F700CACA9F /* Resources */,
				F179719648E5DFB448E77980 /* [CP] Embed Pods Frameworks */,
			);
			buildRules = (
			);
			dependencies = (
				FF47081B27D215F700CACA9F /* PBXTargetDependency */,
			);
			name = WaterBucketChallengeTests;
			productName = WaterBucketChallengeTests;
			productReference = FF47081627D215F700CACA9F /* WaterBucketChallengeTests.xctest */;
			productType = "com.apple.product-type.bundle.unit-test";
		};
		FF4B00AA27D116B900C58220 /* WaterBucketChallenge */ = {
			isa = PBXNativeTarget;
			buildConfigurationList = FF4B00BF27D116BA00C58220 /* Build configuration list for PBXNativeTarget "WaterBucketChallenge" */;
			buildPhases = (
				F04B672E3D7ABF8E1B81E41E /* [CP] Check Pods Manifest.lock */,
				FF4B00A727D116B900C58220 /* Sources */,
				FF4B00A827D116B900C58220 /* Frameworks */,
				FF4B00A927D116B900C58220 /* Resources */,
				B59357061BB74527712DA5A7 /* [CP] Embed Pods Frameworks */,
			);
			buildRules = (
			);
			dependencies = (
			);
			name = WaterBucketChallenge;
			productName = WaterBucketChallenge;
			productReference = FF4B00AB27D116B900C58220 /* WaterBucketChallenge.app */;
			productType = "com.apple.product-type.application";
		};
/* End PBXNativeTarget section */

/* Begin PBXProject section */
		FF4B00A327D116B900C58220 /* Project object */ = {
			isa = PBXProject;
			attributes = {
				BuildIndependentTargetsInParallel = 1;
				LastSwiftUpdateCheck = 1320;
				LastUpgradeCheck = 1320;
				TargetAttributes = {
					FF47081527D215F700CACA9F = {
						CreatedOnToolsVersion = 13.2.1;
						TestTargetID = FF4B00AA27D116B900C58220;
					};
					FF4B00AA27D116B900C58220 = {
						CreatedOnToolsVersion = 13.2.1;
					};
				};
			};
			buildConfigurationList = FF4B00A627D116B900C58220 /* Build configuration list for PBXProject "WaterBucketChallenge" */;
			compatibilityVersion = "Xcode 13.0";
			developmentRegion = en;
			hasScannedForEncodings = 0;
			knownRegions = (
				en,
				Base,
			);
			mainGroup = FF4B00A227D116B900C58220;
			productRefGroup = FF4B00AC27D116B900C58220 /* Products */;
			projectDirPath = "";
			projectRoot = "";
			targets = (
				FF4B00AA27D116B900C58220 /* WaterBucketChallenge */,
				FF47081527D215F700CACA9F /* WaterBucketChallengeTests */,
			);
		};
/* End PBXProject section */

/* Begin PBXResourcesBuildPhase section */
		FF47081427D215F700CACA9F /* Resources */ = {
			isa = PBXResourcesBuildPhase;
			buildActionMask = 2147483647;
			files = (
			);
			runOnlyForDeploymentPostprocessing = 0;
		};
		FF4B00A927D116B900C58220 /* Resources */ = {
			isa = PBXResourcesBuildPhase;
			buildActionMask = 2147483647;
			files = (
				FF4B00BB27D116BA00C58220 /* LaunchScreen.storyboard in Resources */,
				FF26FDFB27D2B76E000D94EC /* Localizable.strings in Resources */,
				FF4B00B827D116BA00C58220 /* Assets.xcassets in Resources */,
			);
			runOnlyForDeploymentPostprocessing = 0;
		};
/* End PBXResourcesBuildPhase section */

/* Begin PBXShellScriptBuildPhase section */
		A1CDEF6D46AC339DDA38ADD8 /* [CP] Check Pods Manifest.lock */ = {
			isa = PBXShellScriptBuildPhase;
			buildActionMask = 2147483647;
			files = (
			);
			inputFileListPaths = (
			);
			inputPaths = (
				"${PODS_PODFILE_DIR_PATH}/Podfile.lock",
				"${PODS_ROOT}/Manifest.lock",
			);
			name = "[CP] Check Pods Manifest.lock";
			outputFileListPaths = (
			);
			outputPaths = (
				"$(DERIVED_FILE_DIR)/Pods-WaterBucketChallengeTests-checkManifestLockResult.txt",
			);
			runOnlyForDeploymentPostprocessing = 0;
			shellPath = /bin/sh;
			shellScript = "diff \"${PODS_PODFILE_DIR_PATH}/Podfile.lock\" \"${PODS_ROOT}/Manifest.lock\" > /dev/null\nif [ $? != 0 ] ; then\n    # print error to STDERR\n    echo \"error: The sandbox is not in sync with the Podfile.lock. Run 'pod install' or update your CocoaPods installation.\" >&2\n    exit 1\nfi\n# This output is used by Xcode 'outputs' to avoid re-running this script phase.\necho \"SUCCESS\" > \"${SCRIPT_OUTPUT_FILE_0}\"\n";
			showEnvVarsInLog = 0;
		};
		B59357061BB74527712DA5A7 /* [CP] Embed Pods Frameworks */ = {
			isa = PBXShellScriptBuildPhase;
			buildActionMask = 2147483647;
			files = (
			);
			inputFileListPaths = (
				"${PODS_ROOT}/Target Support Files/Pods-WaterBucketChallenge/Pods-WaterBucketChallenge-frameworks-${CONFIGURATION}-input-files.xcfilelist",
			);
			name = "[CP] Embed Pods Frameworks";
			outputFileListPaths = (
				"${PODS_ROOT}/Target Support Files/Pods-WaterBucketChallenge/Pods-WaterBucketChallenge-frameworks-${CONFIGURATION}-output-files.xcfilelist",
			);
			runOnlyForDeploymentPostprocessing = 0;
			shellPath = /bin/sh;
			shellScript = "\"${PODS_ROOT}/Target Support Files/Pods-WaterBucketChallenge/Pods-WaterBucketChallenge-frameworks.sh\"\n";
			showEnvVarsInLog = 0;
		};
		F04B672E3D7ABF8E1B81E41E /* [CP] Check Pods Manifest.lock */ = {
			isa = PBXShellScriptBuildPhase;
			buildActionMask = 2147483647;
			files = (
			);
			inputFileListPaths = (
			);
			inputPaths = (
				"${PODS_PODFILE_DIR_PATH}/Podfile.lock",
				"${PODS_ROOT}/Manifest.lock",
			);
			name = "[CP] Check Pods Manifest.lock";
			outputFileListPaths = (
			);
			outputPaths = (
				"$(DERIVED_FILE_DIR)/Pods-WaterBucketChallenge-checkManifestLockResult.txt",
			);
			runOnlyForDeploymentPostprocessing = 0;
			shellPath = /bin/sh;
			shellScript = "diff \"${PODS_PODFILE_DIR_PATH}/Podfile.lock\" \"${PODS_ROOT}/Manifest.lock\" > /dev/null\nif [ $? != 0 ] ; then\n    # print error to STDERR\n    echo \"error: The sandbox is not in sync with the Podfile.lock. Run 'pod install' or update your CocoaPods installation.\" >&2\n    exit 1\nfi\n# This output is used by Xcode 'outputs' to avoid re-running this script phase.\necho \"SUCCESS\" > \"${SCRIPT_OUTPUT_FILE_0}\"\n";
			showEnvVarsInLog = 0;
		};
		F179719648E5DFB448E77980 /* [CP] Embed Pods Frameworks */ = {
			isa = PBXShellScriptBuildPhase;
			buildActionMask = 2147483647;
			files = (
			);
			inputFileListPaths = (
				"${PODS_ROOT}/Target Support Files/Pods-WaterBucketChallengeTests/Pods-WaterBucketChallengeTests-frameworks-${CONFIGURATION}-input-files.xcfilelist",
			);
			name = "[CP] Embed Pods Frameworks";
			outputFileListPaths = (
				"${PODS_ROOT}/Target Support Files/Pods-WaterBucketChallengeTests/Pods-WaterBucketChallengeTests-frameworks-${CONFIGURATION}-output-files.xcfilelist",
			);
			runOnlyForDeploymentPostprocessing = 0;
			shellPath = /bin/sh;
			shellScript = "\"${PODS_ROOT}/Target Support Files/Pods-WaterBucketChallengeTests/Pods-WaterBucketChallengeTests-frameworks.sh\"\n";
			showEnvVarsInLog = 0;
		};
/* End PBXShellScriptBuildPhase section */

/* Begin PBXSourcesBuildPhase section */
		FF47081227D215F700CACA9F /* Sources */ = {
			isa = PBXSourcesBuildPhase;
			buildActionMask = 2147483647;
			files = (
				FFC3BA9F27D217A4002B563C /* WaterBucketChallengeSolverTests.swift in Sources */,
			);
			runOnlyForDeploymentPostprocessing = 0;
		};
		FF4B00A727D116B900C58220 /* Sources */ = {
			isa = PBXSourcesBuildPhase;
			buildActionMask = 2147483647;
			files = (
				FFC3BAA927D22125002B563C /* TableSolutionDataFlow.swift in Sources */,
				FFBA131027D7EAD000BE0006 /* AnimatedSolutionDataFlow.swift in Sources */,
				FF47080F27D160E400CACA9F /* WaterBucketChallengeSolver.swift in Sources */,
				FF47080727D143A400CACA9F /* InputsFactory.swift in Sources */,
				FF47081127D161D500CACA9F /* Bucket.swift in Sources */,
				FFC3BAA527D22118002B563C /* TableSolutionInteractor.swift in Sources */,
				FF6ED04B27D7DD6C00217D53 /* SolutionViewController.swift in Sources */,
				FF6ED05327D7DD9C00217D53 /* SolutionDataFlow.swift in Sources */,
				FFC3BAAD27D22319002B563C /* InputsRouter.swift in Sources */,
				FF47080527D1404E00CACA9F /* InputsDataFlow.swift in Sources */,
				FFC3BAA327D22111002B563C /* TableSolutionViewController.swift in Sources */,
				FF6ED04D27D7DD7700217D53 /* SolutionInteractor.swift in Sources */,
				FFBA130A27D7EAB900BE0006 /* AnimatedSolutionViewController.swift in Sources */,
				FF4B00AF27D116B900C58220 /* AppDelegate.swift in Sources */,
				FF4B00B127D116B900C58220 /* SceneDelegate.swift in Sources */,
				FF26FDFD27D2B960000D94EC /* Strings+Generated.swift in Sources */,
				FF6ED05127D7DD8F00217D53 /* SolutionFactory.swift in Sources */,
				FF47080127D13E3900CACA9F /* InputsInteractor.swift in Sources */,
				FF47080D27D14EB600CACA9F /* Inputs.swift in Sources */,
				FF6ED04F27D7DD8600217D53 /* SolutionPresenter.swift in Sources */,
				FF47080A27D143B300CACA9F /* ViewControllerFactory.swift in Sources */,
				FFBA130C27D7EAC100BE0006 /* AnimatedSolutionInteractor.swift in Sources */,
				FFC3BAA727D2211E002B563C /* TableSolutionPresenter.swift in Sources */,
				FF47080327D13E3F00CACA9F /* InputsPresenter.swift in Sources */,
				FF4B00C627D116F200C58220 /* InputsViewController.swift in Sources */,
				FFBA130E27D7EACA00BE0006 /* AnimatedSolutionPresenter.swift in Sources */,
				FFC3BD2227D262C6002B563C /* TableSolutionItemCell.swift in Sources */,
				FF6ED05527D7DDA500217D53 /* SolutionRouter.swift in Sources */,
				FFBA131527D7EF8A00BE0006 /* UIViewController+Extensions.swift in Sources */,
				FFBA131227D7EAD700BE0006 /* AnimatedSolutionFactory.swift in Sources */,
				FFC3BAAF27D22C04002B563C /* RootFactory.swift in Sources */,
				FFC3BAAB27D2212E002B563C /* TableSolutionFactory.swift in Sources */,
			);
			runOnlyForDeploymentPostprocessing = 0;
		};
/* End PBXSourcesBuildPhase section */

/* Begin PBXTargetDependency section */
		FF47081B27D215F700CACA9F /* PBXTargetDependency */ = {
			isa = PBXTargetDependency;
			target = FF4B00AA27D116B900C58220 /* WaterBucketChallenge */;
			targetProxy = FF47081A27D215F700CACA9F /* PBXContainerItemProxy */;
		};
/* End PBXTargetDependency section */

/* Begin PBXVariantGroup section */
		FF26FDF927D2B76E000D94EC /* Localizable.strings */ = {
			isa = PBXVariantGroup;
			children = (
				FF26FDFA27D2B76E000D94EC /* Base */,
			);
			name = Localizable.strings;
			sourceTree = "<group>";
		};
		FF4B00B927D116BA00C58220 /* LaunchScreen.storyboard */ = {
			isa = PBXVariantGroup;
			children = (
				FF4B00BA27D116BA00C58220 /* Base */,
			);
			name = LaunchScreen.storyboard;
			sourceTree = "<group>";
		};
/* End PBXVariantGroup section */

/* Begin XCBuildConfiguration section */
		FF47081D27D215F700CACA9F /* Debug */ = {
			isa = XCBuildConfiguration;
			baseConfigurationReference = 5C38180CE3510A01F1ED7244 /* Pods-WaterBucketChallengeTests.debug.xcconfig */;
			buildSettings = {
				BUNDLE_LOADER = "$(TEST_HOST)";
				CODE_SIGN_STYLE = Automatic;
				CURRENT_PROJECT_VERSION = 1;
				GENERATE_INFOPLIST_FILE = YES;
				MARKETING_VERSION = 1.0;
				PRODUCT_BUNDLE_IDENTIFIER = comv.vdumanov.WaterBucketChallengeTests;
				PRODUCT_NAME = "$(TARGET_NAME)";
				SWIFT_EMIT_LOC_STRINGS = NO;
				SWIFT_VERSION = 5.0;
				TARGETED_DEVICE_FAMILY = "1,2";
				TEST_HOST = "$(BUILT_PRODUCTS_DIR)/WaterBucketChallenge.app/WaterBucketChallenge";
			};
			name = Debug;
		};
		FF47081E27D215F700CACA9F /* Release */ = {
			isa = XCBuildConfiguration;
			baseConfigurationReference = C6A6DF38FB82FF86052B3295 /* Pods-WaterBucketChallengeTests.release.xcconfig */;
			buildSettings = {
				BUNDLE_LOADER = "$(TEST_HOST)";
				CODE_SIGN_STYLE = Automatic;
				CURRENT_PROJECT_VERSION = 1;
				GENERATE_INFOPLIST_FILE = YES;
				MARKETING_VERSION = 1.0;
				PRODUCT_BUNDLE_IDENTIFIER = comv.vdumanov.WaterBucketChallengeTests;
				PRODUCT_NAME = "$(TARGET_NAME)";
				SWIFT_EMIT_LOC_STRINGS = NO;
				SWIFT_VERSION = 5.0;
				TARGETED_DEVICE_FAMILY = "1,2";
				TEST_HOST = "$(BUILT_PRODUCTS_DIR)/WaterBucketChallenge.app/WaterBucketChallenge";
			};
			name = Release;
		};
		FF4B00BD27D116BA00C58220 /* Debug */ = {
			isa = XCBuildConfiguration;
			buildSettings = {
				ALWAYS_SEARCH_USER_PATHS = NO;
				CLANG_ANALYZER_NONNULL = YES;
				CLANG_ANALYZER_NUMBER_OBJECT_CONVERSION = YES_AGGRESSIVE;
				CLANG_CXX_LANGUAGE_STANDARD = "gnu++17";
				CLANG_CXX_LIBRARY = "libc++";
				CLANG_ENABLE_MODULES = YES;
				CLANG_ENABLE_OBJC_ARC = YES;
				CLANG_ENABLE_OBJC_WEAK = YES;
				CLANG_WARN_BLOCK_CAPTURE_AUTORELEASING = YES;
				CLANG_WARN_BOOL_CONVERSION = YES;
				CLANG_WARN_COMMA = YES;
				CLANG_WARN_CONSTANT_CONVERSION = YES;
				CLANG_WARN_DEPRECATED_OBJC_IMPLEMENTATIONS = YES;
				CLANG_WARN_DIRECT_OBJC_ISA_USAGE = YES_ERROR;
				CLANG_WARN_DOCUMENTATION_COMMENTS = YES;
				CLANG_WARN_EMPTY_BODY = YES;
				CLANG_WARN_ENUM_CONVERSION = YES;
				CLANG_WARN_INFINITE_RECURSION = YES;
				CLANG_WARN_INT_CONVERSION = YES;
				CLANG_WARN_NON_LITERAL_NULL_CONVERSION = YES;
				CLANG_WARN_OBJC_IMPLICIT_RETAIN_SELF = YES;
				CLANG_WARN_OBJC_LITERAL_CONVERSION = YES;
				CLANG_WARN_OBJC_ROOT_CLASS = YES_ERROR;
				CLANG_WARN_QUOTED_INCLUDE_IN_FRAMEWORK_HEADER = YES;
				CLANG_WARN_RANGE_LOOP_ANALYSIS = YES;
				CLANG_WARN_STRICT_PROTOTYPES = YES;
				CLANG_WARN_SUSPICIOUS_MOVE = YES;
				CLANG_WARN_UNGUARDED_AVAILABILITY = YES_AGGRESSIVE;
				CLANG_WARN_UNREACHABLE_CODE = YES;
				CLANG_WARN__DUPLICATE_METHOD_MATCH = YES;
				COPY_PHASE_STRIP = NO;
				DEBUG_INFORMATION_FORMAT = dwarf;
				ENABLE_STRICT_OBJC_MSGSEND = YES;
				ENABLE_TESTABILITY = YES;
				GCC_C_LANGUAGE_STANDARD = gnu11;
				GCC_DYNAMIC_NO_PIC = NO;
				GCC_NO_COMMON_BLOCKS = YES;
				GCC_OPTIMIZATION_LEVEL = 0;
				GCC_PREPROCESSOR_DEFINITIONS = (
					"DEBUG=1",
					"$(inherited)",
				);
				GCC_WARN_64_TO_32_BIT_CONVERSION = YES;
				GCC_WARN_ABOUT_RETURN_TYPE = YES_ERROR;
				GCC_WARN_UNDECLARED_SELECTOR = YES;
				GCC_WARN_UNINITIALIZED_AUTOS = YES_AGGRESSIVE;
				GCC_WARN_UNUSED_FUNCTION = YES;
				GCC_WARN_UNUSED_VARIABLE = YES;
				IPHONEOS_DEPLOYMENT_TARGET = 15.2;
				MTL_ENABLE_DEBUG_INFO = INCLUDE_SOURCE;
				MTL_FAST_MATH = YES;
				ONLY_ACTIVE_ARCH = YES;
				SDKROOT = iphoneos;
				SWIFT_ACTIVE_COMPILATION_CONDITIONS = DEBUG;
				SWIFT_OPTIMIZATION_LEVEL = "-Onone";
			};
			name = Debug;
		};
		FF4B00BE27D116BA00C58220 /* Release */ = {
			isa = XCBuildConfiguration;
			buildSettings = {
				ALWAYS_SEARCH_USER_PATHS = NO;
				CLANG_ANALYZER_NONNULL = YES;
				CLANG_ANALYZER_NUMBER_OBJECT_CONVERSION = YES_AGGRESSIVE;
				CLANG_CXX_LANGUAGE_STANDARD = "gnu++17";
				CLANG_CXX_LIBRARY = "libc++";
				CLANG_ENABLE_MODULES = YES;
				CLANG_ENABLE_OBJC_ARC = YES;
				CLANG_ENABLE_OBJC_WEAK = YES;
				CLANG_WARN_BLOCK_CAPTURE_AUTORELEASING = YES;
				CLANG_WARN_BOOL_CONVERSION = YES;
				CLANG_WARN_COMMA = YES;
				CLANG_WARN_CONSTANT_CONVERSION = YES;
				CLANG_WARN_DEPRECATED_OBJC_IMPLEMENTATIONS = YES;
				CLANG_WARN_DIRECT_OBJC_ISA_USAGE = YES_ERROR;
				CLANG_WARN_DOCUMENTATION_COMMENTS = YES;
				CLANG_WARN_EMPTY_BODY = YES;
				CLANG_WARN_ENUM_CONVERSION = YES;
				CLANG_WARN_INFINITE_RECURSION = YES;
				CLANG_WARN_INT_CONVERSION = YES;
				CLANG_WARN_NON_LITERAL_NULL_CONVERSION = YES;
				CLANG_WARN_OBJC_IMPLICIT_RETAIN_SELF = YES;
				CLANG_WARN_OBJC_LITERAL_CONVERSION = YES;
				CLANG_WARN_OBJC_ROOT_CLASS = YES_ERROR;
				CLANG_WARN_QUOTED_INCLUDE_IN_FRAMEWORK_HEADER = YES;
				CLANG_WARN_RANGE_LOOP_ANALYSIS = YES;
				CLANG_WARN_STRICT_PROTOTYPES = YES;
				CLANG_WARN_SUSPICIOUS_MOVE = YES;
				CLANG_WARN_UNGUARDED_AVAILABILITY = YES_AGGRESSIVE;
				CLANG_WARN_UNREACHABLE_CODE = YES;
				CLANG_WARN__DUPLICATE_METHOD_MATCH = YES;
				COPY_PHASE_STRIP = NO;
				DEBUG_INFORMATION_FORMAT = "dwarf-with-dsym";
				ENABLE_NS_ASSERTIONS = NO;
				ENABLE_STRICT_OBJC_MSGSEND = YES;
				GCC_C_LANGUAGE_STANDARD = gnu11;
				GCC_NO_COMMON_BLOCKS = YES;
				GCC_WARN_64_TO_32_BIT_CONVERSION = YES;
				GCC_WARN_ABOUT_RETURN_TYPE = YES_ERROR;
				GCC_WARN_UNDECLARED_SELECTOR = YES;
				GCC_WARN_UNINITIALIZED_AUTOS = YES_AGGRESSIVE;
				GCC_WARN_UNUSED_FUNCTION = YES;
				GCC_WARN_UNUSED_VARIABLE = YES;
				IPHONEOS_DEPLOYMENT_TARGET = 15.2;
				MTL_ENABLE_DEBUG_INFO = NO;
				MTL_FAST_MATH = YES;
				SDKROOT = iphoneos;
				SWIFT_COMPILATION_MODE = wholemodule;
				SWIFT_OPTIMIZATION_LEVEL = "-O";
				VALIDATE_PRODUCT = YES;
			};
			name = Release;
		};
		FF4B00C027D116BA00C58220 /* Debug */ = {
			isa = XCBuildConfiguration;
			baseConfigurationReference = FAF2510D467C27D24911D441 /* Pods-WaterBucketChallenge.debug.xcconfig */;
			buildSettings = {
				ASSETCATALOG_COMPILER_APPICON_NAME = AppIcon;
				ASSETCATALOG_COMPILER_GLOBAL_ACCENT_COLOR_NAME = AccentColor;
				CODE_SIGN_STYLE = Automatic;
				CURRENT_PROJECT_VERSION = 1;
				GENERATE_INFOPLIST_FILE = YES;
				INFOPLIST_FILE = WaterBucketChallenge/Resources/Info.plist;
				INFOPLIST_KEY_UIApplicationSupportsIndirectInputEvents = YES;
				INFOPLIST_KEY_UILaunchStoryboardName = LaunchScreen;
				INFOPLIST_KEY_UISupportedInterfaceOrientations_iPad = "UIInterfaceOrientationPortrait UIInterfaceOrientationPortraitUpsideDown UIInterfaceOrientationLandscapeLeft UIInterfaceOrientationLandscapeRight";
				INFOPLIST_KEY_UISupportedInterfaceOrientations_iPhone = "UIInterfaceOrientationPortrait UIInterfaceOrientationLandscapeLeft UIInterfaceOrientationLandscapeRight";
				LD_RUNPATH_SEARCH_PATHS = (
					"$(inherited)",
					"@executable_path/Frameworks",
				);
				MARKETING_VERSION = 1.0;
				PRODUCT_BUNDLE_IDENTIFIER = comv.vdumanov.WaterBucketChallenge;
				PRODUCT_NAME = "$(TARGET_NAME)";
				SWIFT_EMIT_LOC_STRINGS = YES;
				SWIFT_VERSION = 5.0;
				TARGETED_DEVICE_FAMILY = "1,2";
			};
			name = Debug;
		};
		FF4B00C127D116BA00C58220 /* Release */ = {
			isa = XCBuildConfiguration;
			baseConfigurationReference = 56F03E8AF8208DE5B3089EBE /* Pods-WaterBucketChallenge.release.xcconfig */;
			buildSettings = {
				ASSETCATALOG_COMPILER_APPICON_NAME = AppIcon;
				ASSETCATALOG_COMPILER_GLOBAL_ACCENT_COLOR_NAME = AccentColor;
				CODE_SIGN_STYLE = Automatic;
				CURRENT_PROJECT_VERSION = 1;
				GENERATE_INFOPLIST_FILE = YES;
				INFOPLIST_FILE = WaterBucketChallenge/Resources/Info.plist;
				INFOPLIST_KEY_UIApplicationSupportsIndirectInputEvents = YES;
				INFOPLIST_KEY_UILaunchStoryboardName = LaunchScreen;
				INFOPLIST_KEY_UISupportedInterfaceOrientations_iPad = "UIInterfaceOrientationPortrait UIInterfaceOrientationPortraitUpsideDown UIInterfaceOrientationLandscapeLeft UIInterfaceOrientationLandscapeRight";
				INFOPLIST_KEY_UISupportedInterfaceOrientations_iPhone = "UIInterfaceOrientationPortrait UIInterfaceOrientationLandscapeLeft UIInterfaceOrientationLandscapeRight";
				LD_RUNPATH_SEARCH_PATHS = (
					"$(inherited)",
					"@executable_path/Frameworks",
				);
				MARKETING_VERSION = 1.0;
				PRODUCT_BUNDLE_IDENTIFIER = comv.vdumanov.WaterBucketChallenge;
				PRODUCT_NAME = "$(TARGET_NAME)";
				SWIFT_EMIT_LOC_STRINGS = YES;
				SWIFT_VERSION = 5.0;
				TARGETED_DEVICE_FAMILY = "1,2";
			};
			name = Release;
		};
/* End XCBuildConfiguration section */

/* Begin XCConfigurationList section */
		FF47081C27D215F700CACA9F /* Build configuration list for PBXNativeTarget "WaterBucketChallengeTests" */ = {
			isa = XCConfigurationList;
			buildConfigurations = (
				FF47081D27D215F700CACA9F /* Debug */,
				FF47081E27D215F700CACA9F /* Release */,
			);
			defaultConfigurationIsVisible = 0;
			defaultConfigurationName = Release;
		};
		FF4B00A627D116B900C58220 /* Build configuration list for PBXProject "WaterBucketChallenge" */ = {
			isa = XCConfigurationList;
			buildConfigurations = (
				FF4B00BD27D116BA00C58220 /* Debug */,
				FF4B00BE27D116BA00C58220 /* Release */,
			);
			defaultConfigurationIsVisible = 0;
			defaultConfigurationName = Release;
		};
		FF4B00BF27D116BA00C58220 /* Build configuration list for PBXNativeTarget "WaterBucketChallenge" */ = {
			isa = XCConfigurationList;
			buildConfigurations = (
				FF4B00C027D116BA00C58220 /* Debug */,
				FF4B00C127D116BA00C58220 /* Release */,
			);
			defaultConfigurationIsVisible = 0;
			defaultConfigurationName = Release;
		};
/* End XCConfigurationList section */
	};
	rootObject = FF4B00A327D116B900C58220 /* Project object */;
}
